{
    "_readme": [
        "This file locks the dependencies of your project to a known state",
        "Read more about it at https://getcomposer.org/doc/01-basic-usage.md#installing-dependencies",
        "This file is @generated automatically"
    ],
    "content-hash": "b1c2417bfaeec8d37174aee9cda351bf",
    "packages": [
        {
            "name": "psr/container",
            "version": "2.0.2",
            "source": {
                "type": "git",
                "url": "https://github.com/php-fig/container.git",
                "reference": "c71ecc56dfe541dbd90c5360474fbc405f8d5963"
            },
            "dist": {
                "type": "zip",
                "url": "https://api.github.com/repos/php-fig/container/zipball/c71ecc56dfe541dbd90c5360474fbc405f8d5963",
                "reference": "c71ecc56dfe541dbd90c5360474fbc405f8d5963",
                "shasum": ""
            },
            "require": {
                "php": ">=7.4.0"
            },
            "type": "library",
            "extra": {
                "branch-alias": {
                    "dev-master": "2.0.x-dev"
                }
            },
            "autoload": {
                "psr-4": {
                    "Psr\\Container\\": "src/"
                }
            },
            "notification-url": "https://packagist.org/downloads/",
            "license": [
                "MIT"
            ],
            "authors": [
                {
                    "name": "PHP-FIG",
                    "homepage": "https://www.php-fig.org/"
                }
            ],
            "description": "Common Container Interface (PHP FIG PSR-11)",
            "homepage": "https://github.com/php-fig/container",
            "keywords": [
                "PSR-11",
                "container",
                "container-interface",
                "container-interop",
                "psr"
            ],
            "support": {
                "issues": "https://github.com/php-fig/container/issues",
                "source": "https://github.com/php-fig/container/tree/2.0.2"
            },
            "time": "2021-11-05T16:47:00+00:00"
        },
        {
            "name": "psr/event-dispatcher",
            "version": "1.0.0",
            "source": {
                "type": "git",
                "url": "https://github.com/php-fig/event-dispatcher.git",
                "reference": "dbefd12671e8a14ec7f180cab83036ed26714bb0"
            },
            "dist": {
                "type": "zip",
                "url": "https://api.github.com/repos/php-fig/event-dispatcher/zipball/dbefd12671e8a14ec7f180cab83036ed26714bb0",
                "reference": "dbefd12671e8a14ec7f180cab83036ed26714bb0",
                "shasum": ""
            },
            "require": {
                "php": ">=7.2.0"
            },
            "type": "library",
            "extra": {
                "branch-alias": {
                    "dev-master": "1.0.x-dev"
                }
            },
            "autoload": {
                "psr-4": {
                    "Psr\\EventDispatcher\\": "src/"
                }
            },
            "notification-url": "https://packagist.org/downloads/",
            "license": [
                "MIT"
            ],
            "authors": [
                {
                    "name": "PHP-FIG",
                    "homepage": "http://www.php-fig.org/"
                }
            ],
            "description": "Standard interfaces for event handling.",
            "keywords": [
                "events",
                "psr",
                "psr-14"
            ],
            "support": {
                "issues": "https://github.com/php-fig/event-dispatcher/issues",
                "source": "https://github.com/php-fig/event-dispatcher/tree/1.0.0"
            },
            "time": "2019-01-08T18:20:26+00:00"
        },
        {
            "name": "psr/http-message",
            "version": "2.0",
            "source": {
                "type": "git",
                "url": "https://github.com/php-fig/http-message.git",
                "reference": "402d35bcb92c70c026d1a6a9883f06b2ead23d71"
            },
            "dist": {
                "type": "zip",
                "url": "https://api.github.com/repos/php-fig/http-message/zipball/402d35bcb92c70c026d1a6a9883f06b2ead23d71",
                "reference": "402d35bcb92c70c026d1a6a9883f06b2ead23d71",
                "shasum": ""
            },
            "require": {
                "php": "^7.2 || ^8.0"
            },
            "type": "library",
            "extra": {
                "branch-alias": {
                    "dev-master": "2.0.x-dev"
                }
            },
            "autoload": {
                "psr-4": {
                    "Psr\\Http\\Message\\": "src/"
                }
            },
            "notification-url": "https://packagist.org/downloads/",
            "license": [
                "MIT"
            ],
            "authors": [
                {
                    "name": "PHP-FIG",
                    "homepage": "https://www.php-fig.org/"
                }
            ],
            "description": "Common interface for HTTP messages",
            "homepage": "https://github.com/php-fig/http-message",
            "keywords": [
                "http",
                "http-message",
                "psr",
                "psr-7",
                "request",
                "response"
            ],
            "support": {
                "source": "https://github.com/php-fig/http-message/tree/2.0"
            },
            "time": "2023-04-04T09:54:51+00:00"
        },
        {
            "name": "symfony/deprecation-contracts",
            "version": "v3.6.0",
            "source": {
                "type": "git",
                "url": "https://github.com/symfony/deprecation-contracts.git",
                "reference": "63afe740e99a13ba87ec199bb07bbdee937a5b62"
            },
            "dist": {
                "type": "zip",
                "url": "https://api.github.com/repos/symfony/deprecation-contracts/zipball/63afe740e99a13ba87ec199bb07bbdee937a5b62",
                "reference": "63afe740e99a13ba87ec199bb07bbdee937a5b62",
                "shasum": ""
            },
            "require": {
                "php": ">=8.1"
            },
            "type": "library",
            "extra": {
                "thanks": {
                    "url": "https://github.com/symfony/contracts",
                    "name": "symfony/contracts"
                },
                "branch-alias": {
                    "dev-main": "3.6-dev"
                }
            },
            "autoload": {
                "files": [
                    "function.php"
                ]
            },
            "notification-url": "https://packagist.org/downloads/",
            "license": [
                "MIT"
            ],
            "authors": [
                {
                    "name": "Nicolas Grekas",
                    "email": "p@tchwork.com"
                },
                {
                    "name": "Symfony Community",
                    "homepage": "https://symfony.com/contributors"
                }
            ],
            "description": "A generic function and convention to trigger deprecation notices",
            "homepage": "https://symfony.com",
            "support": {
                "source": "https://github.com/symfony/deprecation-contracts/tree/v3.6.0"
            },
            "funding": [
                {
                    "url": "https://symfony.com/sponsor",
                    "type": "custom"
                },
                {
                    "url": "https://github.com/fabpot",
                    "type": "github"
                },
                {
                    "url": "https://tidelift.com/funding/github/packagist/symfony/symfony",
                    "type": "tidelift"
                }
            ],
            "time": "2024-09-25T14:21:43+00:00"
        },
        {
            "name": "symfony/polyfill-mbstring",
            "version": "v1.33.0",
            "source": {
                "type": "git",
                "url": "https://github.com/symfony/polyfill-mbstring.git",
                "reference": "6d857f4d76bd4b343eac26d6b539585d2bc56493"
            },
            "dist": {
                "type": "zip",
                "url": "https://api.github.com/repos/symfony/polyfill-mbstring/zipball/6d857f4d76bd4b343eac26d6b539585d2bc56493",
                "reference": "6d857f4d76bd4b343eac26d6b539585d2bc56493",
                "shasum": ""
            },
            "require": {
                "ext-iconv": "*",
                "php": ">=7.2"
            },
            "provide": {
                "ext-mbstring": "*"
            },
            "suggest": {
                "ext-mbstring": "For best performance"
            },
            "type": "library",
            "extra": {
                "thanks": {
                    "url": "https://github.com/symfony/polyfill",
                    "name": "symfony/polyfill"
                }
            },
            "autoload": {
                "files": [
                    "bootstrap.php"
                ],
                "psr-4": {
                    "Symfony\\Polyfill\\Mbstring\\": ""
                }
            },
            "notification-url": "https://packagist.org/downloads/",
            "license": [
                "MIT"
            ],
            "authors": [
                {
                    "name": "Nicolas Grekas",
                    "email": "p@tchwork.com"
                },
                {
                    "name": "Symfony Community",
                    "homepage": "https://symfony.com/contributors"
                }
            ],
            "description": "Symfony polyfill for the Mbstring extension",
            "homepage": "https://symfony.com",
            "keywords": [
                "compatibility",
                "mbstring",
                "polyfill",
                "portable",
                "shim"
            ],
            "support": {
                "source": "https://github.com/symfony/polyfill-mbstring/tree/v1.33.0"
            },
            "funding": [
                {
                    "url": "https://symfony.com/sponsor",
                    "type": "custom"
                },
                {
                    "url": "https://github.com/fabpot",
                    "type": "github"
                },
                {
                    "url": "https://github.com/nicolas-grekas",
                    "type": "github"
                },
                {
                    "url": "https://tidelift.com/funding/github/packagist/symfony/symfony",
                    "type": "tidelift"
                }
            ],
            "time": "2024-12-23T08:48:59+00:00"
        },
        {
            "name": "symfony/polyfill-php85",
            "version": "v1.33.0",
            "source": {
                "type": "git",
                "url": "https://github.com/symfony/polyfill-php85.git",
                "reference": "d4e5fcd4ab3d998ab16c0db48e6cbb9a01993f91"
            },
            "dist": {
                "type": "zip",
                "url": "https://api.github.com/repos/symfony/polyfill-php85/zipball/d4e5fcd4ab3d998ab16c0db48e6cbb9a01993f91",
                "reference": "d4e5fcd4ab3d998ab16c0db48e6cbb9a01993f91",
                "shasum": ""
            },
            "require": {
                "php": ">=7.2"
            },
            "type": "library",
            "extra": {
                "thanks": {
                    "url": "https://github.com/symfony/polyfill",
                    "name": "symfony/polyfill"
                }
            },
            "autoload": {
                "files": [
                    "bootstrap.php"
                ],
                "psr-4": {
                    "Symfony\\Polyfill\\Php85\\": ""
                },
                "classmap": [
                    "Resources/stubs"
                ]
            },
            "notification-url": "https://packagist.org/downloads/",
            "license": [
                "MIT"
            ],
            "authors": [
                {
                    "name": "Nicolas Grekas",
                    "email": "p@tchwork.com"
                },
                {
                    "name": "Symfony Community",
                    "homepage": "https://symfony.com/contributors"
                }
            ],
            "description": "Symfony polyfill backporting some PHP 8.5+ features to lower PHP versions",
            "homepage": "https://symfony.com",
            "keywords": [
                "compatibility",
                "polyfill",
                "portable",
                "shim"
            ],
            "support": {
                "source": "https://github.com/symfony/polyfill-php85/tree/v1.33.0"
            },
            "funding": [
                {
                    "url": "https://symfony.com/sponsor",
                    "type": "custom"
                },
                {
                    "url": "https://github.com/fabpot",
                    "type": "github"
                },
                {
                    "url": "https://github.com/nicolas-grekas",
                    "type": "github"
                },
                {
                    "url": "https://tidelift.com/funding/github/packagist/symfony/symfony",
                    "type": "tidelift"
                }
            ],
            "time": "2025-06-23T16:12:55+00:00"
        },
        {
            "name": "symfony/var-dumper",
            "version": "v7.3.4",
            "source": {
                "type": "git",
                "url": "https://github.com/symfony/var-dumper.git",
                "reference": "b8abe7daf2730d07dfd4b2ee1cecbf0dd2fbdabb"
            },
            "dist": {
                "type": "zip",
                "url": "https://api.github.com/repos/symfony/var-dumper/zipball/b8abe7daf2730d07dfd4b2ee1cecbf0dd2fbdabb",
                "reference": "b8abe7daf2730d07dfd4b2ee1cecbf0dd2fbdabb",
                "shasum": ""
            },
            "require": {
                "php": ">=8.2",
                "symfony/deprecation-contracts": "^2.5|^3",
                "symfony/polyfill-mbstring": "~1.0"
            },
            "conflict": {
                "symfony/console": "<6.4"
            },
            "require-dev": {
                "symfony/console": "^6.4|^7.0",
                "symfony/http-kernel": "^6.4|^7.0",
                "symfony/process": "^6.4|^7.0",
                "symfony/uid": "^6.4|^7.0",
                "twig/twig": "^3.12"
            },
            "bin": [
                "Resources/bin/var-dump-server"
            ],
            "type": "library",
            "autoload": {
                "files": [
                    "Resources/functions/dump.php"
                ],
                "psr-4": {
                    "Symfony\\Component\\VarDumper\\": ""
                },
                "exclude-from-classmap": [
                    "/Tests/"
                ]
            },
            "notification-url": "https://packagist.org/downloads/",
            "license": [
                "MIT"
            ],
            "authors": [
                {
                    "name": "Nicolas Grekas",
                    "email": "p@tchwork.com"
                },
                {
                    "name": "Symfony Community",
                    "homepage": "https://symfony.com/contributors"
                }
            ],
            "description": "Provides mechanisms for walking through any arbitrary PHP variable",
            "homepage": "https://symfony.com",
            "keywords": [
                "debug",
                "dump"
            ],
            "support": {
                "source": "https://github.com/symfony/var-dumper/tree/v7.3.4"
            },
            "funding": [
                {
                    "url": "https://symfony.com/sponsor",
                    "type": "custom"
                },
                {
                    "url": "https://github.com/fabpot",
                    "type": "github"
                },
                {
                    "url": "https://github.com/nicolas-grekas",
                    "type": "github"
                },
                {
                    "url": "https://tidelift.com/funding/github/packagist/symfony/symfony",
                    "type": "tidelift"
                }
            ],
            "time": "2025-09-11T10:12:26+00:00"
        },
        {
            "name": "yiisoft/arrays",
            "version": "3.1.0",
            "source": {
                "type": "git",
                "url": "https://github.com/yiisoft/arrays.git",
                "reference": "e07c7268bd53903108ed556df93ef75b4bac6760"
            },
            "dist": {
                "type": "zip",
                "url": "https://api.github.com/repos/yiisoft/arrays/zipball/e07c7268bd53903108ed556df93ef75b4bac6760",
                "reference": "e07c7268bd53903108ed556df93ef75b4bac6760",
                "shasum": ""
            },
            "require": {
                "php": "^8.0",
                "yiisoft/strings": "^2.1"
            },
            "require-dev": {
                "maglnet/composer-require-checker": "^4.4",
                "phpunit/phpunit": "^9.5",
                "rector/rector": "^1.0.0",
                "roave/infection-static-analysis-plugin": "^1.25",
                "spatie/phpunit-watcher": "^1.23",
                "vimeo/psalm": "^4.30|^5.20"
            },
            "type": "library",
            "autoload": {
                "psr-4": {
                    "Yiisoft\\Arrays\\": "src"
                }
            },
            "notification-url": "https://packagist.org/downloads/",
            "license": [
                "BSD-3-Clause"
            ],
            "description": "Yii Array Helper",
            "homepage": "https://www.yiiframework.com/",
            "keywords": [
                "array",
                "helper",
                "yii"
            ],
            "support": {
                "chat": "https://t.me/yii3en",
                "forum": "https://forum.yiiframework.com/",
                "irc": "ircs://irc.libera.chat:6697/yii",
                "issues": "https://github.com/yiisoft/arrays/issues",
                "source": "https://github.com/yiisoft/arrays",
                "wiki": "https://www.yiiframework.com/wiki/"
            },
            "funding": [
                {
                    "url": "https://github.com/sponsors/yiisoft",
                    "type": "github"
                },
                {
                    "url": "https://opencollective.com/yiisoft",
                    "type": "opencollective"
                }
            ],
            "time": "2024-04-04T11:07:18+00:00"
        },
        {
            "name": "yiisoft/files",
            "version": "2.0.0",
            "source": {
                "type": "git",
                "url": "https://github.com/yiisoft/files.git",
                "reference": "129a8f8220e1cd2530f424951b8c24f426bd219c"
            },
            "dist": {
                "type": "zip",
                "url": "https://api.github.com/repos/yiisoft/files/zipball/129a8f8220e1cd2530f424951b8c24f426bd219c",
                "reference": "129a8f8220e1cd2530f424951b8c24f426bd219c",
                "shasum": ""
            },
            "require": {
                "php": "^8.0",
                "yiisoft/strings": "^2.0"
            },
            "require-dev": {
                "ext-zlib": "*",
                "phpunit/phpunit": "^9.5",
                "roave/infection-static-analysis-plugin": "^1.18",
                "spatie/phpunit-watcher": "^1.23",
                "vimeo/psalm": "^4.22"
            },
            "type": "library",
            "autoload": {
                "psr-4": {
                    "Yiisoft\\Files\\": "src"
                }
            },
            "notification-url": "https://packagist.org/downloads/",
            "license": [
                "BSD-3-Clause"
            ],
            "description": "Helper to manage files and directories",
            "homepage": "https://www.yiiframework.com/",
            "keywords": [
                "files"
            ],
            "support": {
                "chat": "https://t.me/yii3en",
                "forum": "https://www.yiiframework.com/forum/",
                "irc": "irc://irc.freenode.net/yii",
                "issues": "https://github.com/yiisoft/files/issues?state=open",
                "source": "https://github.com/yiisoft/files",
                "wiki": "https://www.yiiframework.com/wiki/"
            },
            "funding": [
                {
                    "url": "https://github.com/yiisoft",
                    "type": "github"
                },
                {
                    "url": "https://opencollective.com/yiisoft",
                    "type": "open_collective"
                }
            ],
            "time": "2022-07-05T06:43:38+00:00"
        },
        {
            "name": "yiisoft/friendly-exception",
            "version": "1.1.0",
            "source": {
                "type": "git",
                "url": "https://github.com/yiisoft/friendly-exception.git",
                "reference": "4b4a19edff251791e3c92d4d83435d2716351ff4"
            },
            "dist": {
                "type": "zip",
                "url": "https://api.github.com/repos/yiisoft/friendly-exception/zipball/4b4a19edff251791e3c92d4d83435d2716351ff4",
                "reference": "4b4a19edff251791e3c92d4d83435d2716351ff4",
                "shasum": ""
            },
            "require": {
                "php": "^7.1|^8.0"
            },
            "require-dev": {
                "phpunit/phpunit": "^9.4",
                "roave/infection-static-analysis-plugin": "^1.5",
                "spatie/phpunit-watcher": "^1.23",
                "vimeo/psalm": "^4.3"
            },
            "type": "library",
            "autoload": {
                "psr-4": {
                    "Yiisoft\\FriendlyException\\": "src"
                }
            },
            "notification-url": "https://packagist.org/downloads/",
            "license": [
                "BSD-3-Clause"
            ],
            "description": "An interface for friendlier exception",
            "homepage": "http://www.yiiframework.com/",
            "keywords": [
                "error handling",
                "exception",
                "exceptions",
                "friendly"
            ],
            "support": {
                "forum": "http://www.yiiframework.com/forum/",
                "irc": "irc://irc.freenode.net/yii",
                "issues": "https://github.com/yiisoft/friendly-exception/issues?state=open",
                "source": "https://github.com/yiisoft/friendly-exception",
                "wiki": "http://www.yiiframework.com/wiki/"
            },
            "funding": [
                {
                    "url": "https://github.com/yiisoft",
                    "type": "github"
                },
                {
                    "url": "https://opencollective.com/yiisoft",
                    "type": "open_collective"
                }
            ],
            "time": "2021-10-26T21:43:25+00:00"
        },
        {
            "name": "yiisoft/i18n",
            "version": "1.2.1",
            "source": {
                "type": "git",
                "url": "https://github.com/yiisoft/i18n.git",
                "reference": "c05e9e031fb36fc193152e18fa791bbf6d0582b8"
            },
            "dist": {
                "type": "zip",
                "url": "https://api.github.com/repos/yiisoft/i18n/zipball/c05e9e031fb36fc193152e18fa791bbf6d0582b8",
                "reference": "c05e9e031fb36fc193152e18fa791bbf6d0582b8",
                "shasum": ""
            },
            "require": {
                "php": "^8.0"
            },
            "require-dev": {
                "phpunit/phpunit": "^9.5",
                "rector/rector": "^0.17.0",
                "roave/infection-static-analysis-plugin": "^1.16",
                "spatie/phpunit-watcher": "^1.23",
                "vimeo/psalm": "^4.30|^5.4"
            },
            "type": "library",
            "autoload": {
                "psr-4": {
                    "Yiisoft\\I18n\\": "src"
                }
            },
            "notification-url": "https://packagist.org/downloads/",
            "license": [
                "BSD-3-Clause"
            ],
            "description": "Yii Internationalization Library",
            "homepage": "https://www.yiiframework.com/",
            "keywords": [
                "i18n",
                "locale"
            ],
            "support": {
                "chat": "https://t.me/yii3en",
                "forum": "https://www.yiiframework.com/forum/",
                "irc": "irc://irc.freenode.net/yii",
                "issues": "https://github.com/yiisoft/i18n/issues?state=open",
                "source": "https://github.com/yiisoft/i18n",
                "wiki": "https://www.yiiframework.com/wiki/"
            },
            "funding": [
                {
                    "url": "https://github.com/sponsors/yiisoft",
                    "type": "github"
                },
                {
                    "url": "https://opencollective.com/yiisoft",
                    "type": "opencollective"
                }
            ],
            "time": "2023-06-10T14:18:35+00:00"
        },
        {
            "name": "yiisoft/network-utilities",
            "version": "1.2.0",
            "source": {
                "type": "git",
                "url": "https://github.com/yiisoft/network-utilities.git",
                "reference": "9b51434f17035ce70ba220518a9d52656b6c1cb4"
            },
            "dist": {
                "type": "zip",
                "url": "https://api.github.com/repos/yiisoft/network-utilities/zipball/9b51434f17035ce70ba220518a9d52656b6c1cb4",
                "reference": "9b51434f17035ce70ba220518a9d52656b6c1cb4",
                "shasum": ""
            },
            "require": {
                "php": "^7.4|^8.0"
            },
            "require-dev": {
                "maglnet/composer-require-checker": "^3.8|^4.4",
                "phpunit/phpunit": "^9.5",
                "rector/rector": "^1.2",
                "roave/infection-static-analysis-plugin": "^1.16",
                "spatie/phpunit-watcher": "^1.23",
                "vimeo/psalm": "^4.30|^5.25"
            },
            "type": "library",
            "autoload": {
                "psr-4": {
                    "Yiisoft\\NetworkUtilities\\": "src"
                }
            },
            "notification-url": "https://packagist.org/downloads/",
            "license": [
                "BSD-3-Clause"
            ],
            "description": "Network related utilities",
            "homepage": "https://www.yiiframework.com/",
            "keywords": [
                "IP",
                "dns",
                "mask",
                "network"
            ],
            "support": {
                "chat": "https://t.me/yii3en",
                "forum": "https://www.yiiframework.com/forum/",
                "irc": "ircs://irc.libera.chat:6697/yii",
                "issues": "https://github.com/yiisoft/network-utilities/issues?state=open",
                "source": "https://github.com/yiisoft/network-utilities",
                "wiki": "https://www.yiiframework.com/wiki/"
            },
            "funding": [
                {
                    "url": "https://github.com/sponsors/yiisoft",
                    "type": "github"
                },
                {
                    "url": "https://opencollective.com/yiisoft",
                    "type": "opencollective"
                }
            ],
            "time": "2024-09-02T14:07:06+00:00"
        },
        {
            "name": "yiisoft/strings",
            "version": "2.5.0",
            "source": {
                "type": "git",
                "url": "https://github.com/yiisoft/strings.git",
                "reference": "5063d70af8b59907261c66a57349ef2c20f5cf2e"
            },
            "dist": {
                "type": "zip",
                "url": "https://api.github.com/repos/yiisoft/strings/zipball/5063d70af8b59907261c66a57349ef2c20f5cf2e",
                "reference": "5063d70af8b59907261c66a57349ef2c20f5cf2e",
                "shasum": ""
            },
            "require": {
                "ext-mbstring": "*",
                "php": "^8.0"
            },
            "require-dev": {
                "maglnet/composer-require-checker": "^4.2",
                "phpunit/phpunit": "^9.5",
                "rector/rector": "^2.0.3",
                "roave/infection-static-analysis-plugin": "^1.16",
                "spatie/phpunit-watcher": "^1.23",
                "vimeo/psalm": "^4.30|^5.25"
            },
            "type": "library",
            "autoload": {
                "psr-4": {
                    "Yiisoft\\Strings\\": "src"
                }
            },
            "notification-url": "https://packagist.org/downloads/",
            "license": [
                "BSD-3-Clause"
            ],
            "description": "Yii Strings Helper",
            "homepage": "https://www.yiiframework.com/",
            "keywords": [
                "helper",
                "string",
                "yii"
            ],
            "support": {
                "chat": "https://t.me/yii3en",
                "forum": "https://www.yiiframework.com/forum/",
                "irc": "ircs://irc.libera.chat:6697/yii",
                "issues": "https://github.com/yiisoft/strings/issues?state=open",
                "source": "https://github.com/yiisoft/strings",
                "wiki": "https://www.yiiframework.com/wiki/"
            },
            "funding": [
                {
                    "url": "https://github.com/sponsors/yiisoft",
                    "type": "github"
                },
                {
                    "url": "https://opencollective.com/yiisoft",
                    "type": "opencollective"
                }
            ],
            "time": "2025-01-19T13:44:53+00:00"
        },
        {
            "name": "yiisoft/translator",
            "version": "3.1.0",
            "source": {
                "type": "git",
                "url": "https://github.com/yiisoft/translator.git",
                "reference": "94a0f11b307043917c21ba45d71e8087db8aeaf1"
            },
            "dist": {
                "type": "zip",
                "url": "https://api.github.com/repos/yiisoft/translator/zipball/94a0f11b307043917c21ba45d71e8087db8aeaf1",
                "reference": "94a0f11b307043917c21ba45d71e8087db8aeaf1",
                "shasum": ""
            },
            "require": {
                "php": "^8.0",
                "psr/event-dispatcher": "1.0.0",
                "yiisoft/files": "^1.0|^2.0",
                "yiisoft/i18n": "^1.0"
            },
            "require-dev": {
                "maglnet/composer-require-checker": "^4.2",
                "phpunit/phpunit": "^9.6",
                "rector/rector": "^2.0.3",
                "roave/infection-static-analysis-plugin": "^1.25",
                "spatie/phpunit-watcher": "^1.23",
                "vimeo/psalm": "^4.30|^5.21",
                "yiisoft/di": "^1.2"
            },
            "suggest": {
                "ext-intl": "Allows using intl message formatter",
                "ext-tokenizer": "Allows using message extraction",
                "yiisoft/event-dispatcher": "To listen for events about missing categories and messages"
            },
            "type": "library",
            "extra": {
                "config-plugin": {
                    "di": "di.php",
                    "params": "params.php"
                },
                "config-plugin-options": {
                    "source-directory": "config"
                }
            },
            "autoload": {
                "psr-4": {
                    "Yiisoft\\Translator\\": "src"
                }
            },
            "notification-url": "https://packagist.org/downloads/",
            "license": [
                "BSD-3-Clause"
            ],
            "description": "Yii Message Translator",
            "homepage": "https://www.yiiframework.com/",
            "keywords": [
                "i18n",
                "internationalization",
                "translation"
            ],
            "support": {
                "chat": "https://t.me/yii3en",
                "forum": "https://www.yiiframework.com/forum/",
                "irc": "ircs://irc.libera.chat:6697/yii",
                "issues": "https://github.com/yiisoft/translator/issues?state=open",
                "source": "https://github.com/yiisoft/translator",
                "wiki": "https://www.yiiframework.com/wiki/"
            },
            "funding": [
                {
                    "url": "https://github.com/sponsors/yiisoft",
                    "type": "github"
                },
                {
                    "url": "https://opencollective.com/yiisoft",
                    "type": "opencollective"
                }
            ],
            "time": "2024-12-26T07:49:19+00:00"
        },
        {
            "name": "yiisoft/validator",
            "version": "2.1.0",
            "source": {
                "type": "git",
                "url": "https://github.com/yiisoft/validator.git",
                "reference": "9e8ad99e66c750aceda96fd96033ff4b5d4a7e62"
            },
            "dist": {
                "type": "zip",
                "url": "https://api.github.com/repos/yiisoft/validator/zipball/9e8ad99e66c750aceda96fd96033ff4b5d4a7e62",
                "reference": "9e8ad99e66c750aceda96fd96033ff4b5d4a7e62",
                "shasum": ""
            },
            "require": {
                "ext-mbstring": "*",
                "php": "^8.1",
                "psr/container": "^1.0|^2.0",
                "psr/http-message": "^1.0|^2.0",
                "yiisoft/arrays": "^2.1|^3.0",
                "yiisoft/friendly-exception": "^1.0",
                "yiisoft/network-utilities": "^1.2",
                "yiisoft/strings": "^2.1",
                "yiisoft/translator": "^2.1|^3.0"
            },
            "require-dev": {
                "jetbrains/phpstorm-attributes": "^1.0",
                "maglnet/composer-require-checker": "^4.3",
                "phpbench/phpbench": "^1.2",
                "phpunit/phpunit": "^9.5",
                "rector/rector": "^1.2",
                "roave/infection-static-analysis-plugin": "^1.25",
                "spatie/phpunit-watcher": "^1.23",
                "vimeo/psalm": "^5.24",
                "yiisoft/di": "^1.2",
                "yiisoft/test-support": "^3.0",
                "yiisoft/translator-message-php": "^1.1",
                "yiisoft/yii-debug": "dev-master|dev-php80"
            },
            "suggest": {
                "ext-fileinfo": "To use image rule",
                "ext-intl": "Allows using date rules and IDN validation for emails",
                "yiisoft/di": "To create rule handlers via Yii DI"
            },
            "type": "library",
            "extra": {
                "branch-alias": {
                    "dev-master": "3.0.x-dev"
                },
                "config-plugin": {
                    "di": "di.php",
                    "params": "params.php"
                },
                "config-plugin-options": {
                    "source-directory": "config"
                }
            },
            "autoload": {
                "psr-4": {
                    "Yiisoft\\Validator\\": "src"
                }
            },
            "notification-url": "https://packagist.org/downloads/",
            "license": [
                "BSD-3-Clause"
            ],
            "description": "Yii Validator",
            "homepage": "https://www.yiiframework.com/",
            "keywords": [
                "validation",
                "validator"
            ],
            "support": {
                "chat": "https://t.me/yii3en",
                "forum": "https://www.yiiframework.com/forum/",
                "irc": "ircs://irc.libera.chat:6697/yii",
                "issues": "https://github.com/yiisoft/validator/issues?state=open",
                "source": "https://github.com/yiisoft/validator",
                "wiki": "https://www.yiiframework.com/wiki/"
            },
            "funding": [
                {
                    "url": "https://github.com/sponsors/yiisoft",
                    "type": "github"
                },
                {
                    "url": "https://opencollective.com/yiisoft",
                    "type": "opencollective"
                }
            ],
            "time": "2024-09-12T12:10:04+00:00"
        }
    ],
    "packages-dev": [],
    "aliases": [],
    "minimum-stability": "stable",
    "stability-flags": {},
    "prefer-stable": false,
    "prefer-lowest": false,
    "platform": {
        "php": "^8.5"
    },
    "platform-dev": {},
    "plugin-api-version": "2.6.0"
}
